
Microsoft Visual Studio Solution File, Format Version 12.00
# Visual Studio Version 16
VisualStudioVersion = 16.0.30225.117
MinimumVisualStudioVersion = 15.0.26124.0
Project("{9A19103F-16F7-4668-BE54-9A1E7A4F7556}") = "Wechaty", "Wechaty\Wechaty.csproj", "{D8440082-B86A-42CF-9F26-C3327A5EAEBF}"
EndProject
Project("{2150E333-8FDC-42A3-9474-1A3956D46DE8}") = "modules", "modules", "{AB934DD9-0575-48CB-9CA0-2F616179C4AD}"
EndProject
Project("{2150E333-8FDC-42A3-9474-1A3956D46DE8}") = "Solution Items", "Solution Items", "{4D33C78C-4007-477A-B89D-BB5DEC2E58A2}"
	ProjectSection(SolutionItems) = preProject
		.editorconfig = .editorconfig
		Directory.Build.props = Directory.Build.props
		NullableAttributes.cs = NullableAttributes.cs
	EndProjectSection
EndProject
Project("{9A19103F-16F7-4668-BE54-9A1E7A4F7556}") = "Wechaty.Getting.Start", "Wechaty.Getting.Start\Wechaty.Getting.Start.csproj", "{E3A62704-A571-4AFE-B71C-BEC1E9001DAD}"
EndProject
Project("{9A19103F-16F7-4668-BE54-9A1E7A4F7556}") = "Wechaty.Module.Common", "modules\Wechaty.Module.Common\Wechaty.Module.Common.csproj", "{08D1CC82-2BFF-4852-A906-AB9500CACAC5}"
EndProject
Project("{9A19103F-16F7-4668-BE54-9A1E7A4F7556}") = "Wechaty.Module.EventEmitter", "modules\Wechaty.Module.EventEmitter\Wechaty.Module.EventEmitter.csproj", "{6D948A4B-CF5B-4F99-BB44-9997D3C40BA1}"
EndProject
Project("{9A19103F-16F7-4668-BE54-9A1E7A4F7556}") = "Wechaty.Module.FileBox", "modules\Wechaty.Module.FileBox\Wechaty.Module.FileBox.csproj", "{38A98EB1-4894-4B50-B50E-DE4CD3B065FC}"
EndProject
Project("{9A19103F-16F7-4668-BE54-9A1E7A4F7556}") = "Wechaty.Module.MemoryCard", "modules\Wechaty.Module.MemoryCard\Wechaty.Module.MemoryCard.csproj", "{B349EE4D-3ADA-4B5A-BD96-F0144719CC3B}"
EndProject
Project("{9A19103F-16F7-4668-BE54-9A1E7A4F7556}") = "Wechaty.Module.Puppet", "modules\Wechaty.Module.Puppet\Wechaty.Module.Puppet.csproj", "{8F14A2A5-F1C9-4477-BBAF-6E51FF2A102A}"
EndProject
Project("{9A19103F-16F7-4668-BE54-9A1E7A4F7556}") = "Wechaty.Module.ReactiveQueue", "modules\Wechaty.Module.ReactiveQueue\Wechaty.Module.ReactiveQueue.csproj", "{1A0A1D81-928C-4737-8C21-0BC27CF5952D}"
EndProject
Project("{9A19103F-16F7-4668-BE54-9A1E7A4F7556}") = "Wechaty.Module.Watchdog", "modules\Wechaty.Module.Watchdog\Wechaty.Module.Watchdog.csproj", "{E8D6F103-FCBF-4E4B-AA46-74B2929B09D5}"
EndProject
Project("{9A19103F-16F7-4668-BE54-9A1E7A4F7556}") = "Wechaty.Module.PuppetHostie", "modules\Wechaty.Module.PuppetHostie\Wechaty.Module.PuppetHostie.csproj", "{E893752C-FBEF-4326-8ADD-1827849D45B1}"
EndProject
Global
	GlobalSection(SolutionConfigurationPlatforms) = preSolution
		Debug|Any CPU = Debug|Any CPU
		Debug|x64 = Debug|x64
		Debug|x86 = Debug|x86
		Release|Any CPU = Release|Any CPU
		Release|x64 = Release|x64
		Release|x86 = Release|x86
	EndGlobalSection
	GlobalSection(ProjectConfigurationPlatforms) = postSolution
		{D8440082-B86A-42CF-9F26-C3327A5EAEBF}.Debug|Any CPU.ActiveCfg = Debug|Any CPU
		{D8440082-B86A-42CF-9F26-C3327A5EAEBF}.Debug|Any CPU.Build.0 = Debug|Any CPU
		{D8440082-B86A-42CF-9F26-C3327A5EAEBF}.Debug|x64.ActiveCfg = Debug|Any CPU
		{D8440082-B86A-42CF-9F26-C3327A5EAEBF}.Debug|x64.Build.0 = Debug|Any CPU
		{D8440082-B86A-42CF-9F26-C3327A5EAEBF}.Debug|x86.ActiveCfg = Debug|Any CPU
		{D8440082-B86A-42CF-9F26-C3327A5EAEBF}.Debug|x86.Build.0 = Debug|Any CPU
		{D8440082-B86A-42CF-9F26-C3327A5EAEBF}.Release|Any CPU.ActiveCfg = Release|Any CPU
		{D8440082-B86A-42CF-9F26-C3327A5EAEBF}.Release|Any CPU.Build.0 = Release|Any CPU
		{D8440082-B86A-42CF-9F26-C3327A5EAEBF}.Release|x64.ActiveCfg = Release|Any CPU
		{D8440082-B86A-42CF-9F26-C3327A5EAEBF}.Release|x64.Build.0 = Release|Any CPU
		{D8440082-B86A-42CF-9F26-C3327A5EAEBF}.Release|x86.ActiveCfg = Release|Any CPU
		{D8440082-B86A-42CF-9F26-C3327A5EAEBF}.Release|x86.Build.0 = Release|Any CPU
		{E3A62704-A571-4AFE-B71C-BEC1E9001DAD}.Debug|Any CPU.ActiveCfg = Debug|Any CPU
		{E3A62704-A571-4AFE-B71C-BEC1E9001DAD}.Debug|Any CPU.Build.0 = Debug|Any CPU
		{E3A62704-A571-4AFE-B71C-BEC1E9001DAD}.Debug|x64.ActiveCfg = Debug|Any CPU
		{E3A62704-A571-4AFE-B71C-BEC1E9001DAD}.Debug|x64.Build.0 = Debug|Any CPU
		{E3A62704-A571-4AFE-B71C-BEC1E9001DAD}.Debug|x86.ActiveCfg = Debug|Any CPU
		{E3A62704-A571-4AFE-B71C-BEC1E9001DAD}.Debug|x86.Build.0 = Debug|Any CPU
		{E3A62704-A571-4AFE-B71C-BEC1E9001DAD}.Release|Any CPU.ActiveCfg = Release|Any CPU
		{E3A62704-A571-4AFE-B71C-BEC1E9001DAD}.Release|Any CPU.Build.0 = Release|Any CPU
		{E3A62704-A571-4AFE-B71C-BEC1E9001DAD}.Release|x64.ActiveCfg = Release|Any CPU
		{E3A62704-A571-4AFE-B71C-BEC1E9001DAD}.Release|x64.Build.0 = Release|Any CPU
		{E3A62704-A571-4AFE-B71C-BEC1E9001DAD}.Release|x86.ActiveCfg = Release|Any CPU
		{E3A62704-A571-4AFE-B71C-BEC1E9001DAD}.Release|x86.Build.0 = Release|Any CPU
		{08D1CC82-2BFF-4852-A906-AB9500CACAC5}.Debug|Any CPU.ActiveCfg = Debug|Any CPU
		{08D1CC82-2BFF-4852-A906-AB9500CACAC5}.Debug|Any CPU.Build.0 = Debug|Any CPU
		{08D1CC82-2BFF-4852-A906-AB9500CACAC5}.Debug|x64.ActiveCfg = Debug|Any CPU
		{08D1CC82-2BFF-4852-A906-AB9500CACAC5}.Debug|x64.Build.0 = Debug|Any CPU
		{08D1CC82-2BFF-4852-A906-AB9500CACAC5}.Debug|x86.ActiveCfg = Debug|Any CPU
		{08D1CC82-2BFF-4852-A906-AB9500CACAC5}.Debug|x86.Build.0 = Debug|Any CPU
		{08D1CC82-2BFF-4852-A906-AB9500CACAC5}.Release|Any CPU.ActiveCfg = Release|Any CPU
		{08D1CC82-2BFF-4852-A906-AB9500CACAC5}.Release|Any CPU.Build.0 = Release|Any CPU
		{08D1CC82-2BFF-4852-A906-AB9500CACAC5}.Release|x64.ActiveCfg = Release|Any CPU
		{08D1CC82-2BFF-4852-A906-AB9500CACAC5}.Release|x64.Build.0 = Release|Any CPU
		{08D1CC82-2BFF-4852-A906-AB9500CACAC5}.Release|x86.ActiveCfg = Release|Any CPU
		{08D1CC82-2BFF-4852-A906-AB9500CACAC5}.Release|x86.Build.0 = Release|Any CPU
		{6D948A4B-CF5B-4F99-BB44-9997D3C40BA1}.Debug|Any CPU.ActiveCfg = Debug|Any CPU
		{6D948A4B-CF5B-4F99-BB44-9997D3C40BA1}.Debug|Any CPU.Build.0 = Debug|Any CPU
		{6D948A4B-CF5B-4F99-BB44-9997D3C40BA1}.Debug|x64.ActiveCfg = Debug|Any CPU
		{6D948A4B-CF5B-4F99-BB44-9997D3C40BA1}.Debug|x64.Build.0 = Debug|Any CPU
		{6D948A4B-CF5B-4F99-BB44-9997D3C40BA1}.Debug|x86.ActiveCfg = Debug|Any CPU
		{6D948A4B-CF5B-4F99-BB44-9997D3C40BA1}.Debug|x86.Build.0 = Debug|Any CPU
		{6D948A4B-CF5B-4F99-BB44-9997D3C40BA1}.Release|Any CPU.ActiveCfg = Release|Any CPU
		{6D948A4B-CF5B-4F99-BB44-9997D3C40BA1}.Release|Any CPU.Build.0 = Release|Any CPU
		{6D948A4B-CF5B-4F99-BB44-9997D3C40BA1}.Release|x64.ActiveCfg = Release|Any CPU
		{6D948A4B-CF5B-4F99-BB44-9997D3C40BA1}.Release|x64.Build.0 = Release|Any CPU
		{6D948A4B-CF5B-4F99-BB44-9997D3C40BA1}.Release|x86.ActiveCfg = Release|Any CPU
		{6D948A4B-CF5B-4F99-BB44-9997D3C40BA1}.Release|x86.Build.0 = Release|Any CPU
		{38A98EB1-4894-4B50-B50E-DE4CD3B065FC}.Debug|Any CPU.ActiveCfg = Debug|Any CPU
		{38A98EB1-4894-4B50-B50E-DE4CD3B065FC}.Debug|Any CPU.Build.0 = Debug|Any CPU
		{38A98EB1-4894-4B50-B50E-DE4CD3B065FC}.Debug|x64.ActiveCfg = Debug|Any CPU
		{38A98EB1-4894-4B50-B50E-DE4CD3B065FC}.Debug|x64.Build.0 = Debug|Any CPU
		{38A98EB1-4894-4B50-B50E-DE4CD3B065FC}.Debug|x86.ActiveCfg = Debug|Any CPU
		{38A98EB1-4894-4B50-B50E-DE4CD3B065FC}.Debug|x86.Build.0 = Debug|Any CPU
		{38A98EB1-4894-4B50-B50E-DE4CD3B065FC}.Release|Any CPU.ActiveCfg = Release|Any CPU
		{38A98EB1-4894-4B50-B50E-DE4CD3B065FC}.Release|Any CPU.Build.0 = Release|Any CPU
		{38A98EB1-4894-4B50-B50E-DE4CD3B065FC}.Release|x64.ActiveCfg = Release|Any CPU
		{38A98EB1-4894-4B50-B50E-DE4CD3B065FC}.Release|x64.Build.0 = Release|Any CPU
		{38A98EB1-4894-4B50-B50E-DE4CD3B065FC}.Release|x86.ActiveCfg = Release|Any CPU
		{38A98EB1-4894-4B50-B50E-DE4CD3B065FC}.Release|x86.Build.0 = Release|Any CPU
		{B349EE4D-3ADA-4B5A-BD96-F0144719CC3B}.Debug|Any CPU.ActiveCfg = Debug|Any CPU
		{B349EE4D-3ADA-4B5A-BD96-F0144719CC3B}.Debug|Any CPU.Build.0 = Debug|Any CPU
		{B349EE4D-3ADA-4B5A-BD96-F0144719CC3B}.Debug|x64.ActiveCfg = Debug|Any CPU
		{B349EE4D-3ADA-4B5A-BD96-F0144719CC3B}.Debug|x64.Build.0 = Debug|Any CPU
		{B349EE4D-3ADA-4B5A-BD96-F0144719CC3B}.Debug|x86.ActiveCfg = Debug|Any CPU
		{B349EE4D-3ADA-4B5A-BD96-F0144719CC3B}.Debug|x86.Build.0 = Debug|Any CPU
		{B349EE4D-3ADA-4B5A-BD96-F0144719CC3B}.Release|Any CPU.ActiveCfg = Release|Any CPU
		{B349EE4D-3ADA-4B5A-BD96-F0144719CC3B}.Release|Any CPU.Build.0 = Release|Any CPU
		{B349EE4D-3ADA-4B5A-BD96-F0144719CC3B}.Release|x64.ActiveCfg = Release|Any CPU
		{B349EE4D-3ADA-4B5A-BD96-F0144719CC3B}.Release|x64.Build.0 = Release|Any CPU
		{B349EE4D-3ADA-4B5A-BD96-F0144719CC3B}.Release|x86.ActiveCfg = Release|Any CPU
		{B349EE4D-3ADA-4B5A-BD96-F0144719CC3B}.Release|x86.Build.0 = Release|Any CPU
		{8F14A2A5-F1C9-4477-BBAF-6E51FF2A102A}.Debug|Any CPU.ActiveCfg = Debug|Any CPU
		{8F14A2A5-F1C9-4477-BBAF-6E51FF2A102A}.Debug|Any CPU.Build.0 = Debug|Any CPU
		{8F14A2A5-F1C9-4477-BBAF-6E51FF2A102A}.Debug|x64.ActiveCfg = Debug|Any CPU
		{8F14A2A5-F1C9-4477-BBAF-6E51FF2A102A}.Debug|x64.Build.0 = Debug|Any CPU
		{8F14A2A5-F1C9-4477-BBAF-6E51FF2A102A}.Debug|x86.ActiveCfg = Debug|Any CPU
		{8F14A2A5-F1C9-4477-BBAF-6E51FF2A102A}.Debug|x86.Build.0 = Debug|Any CPU
		{8F14A2A5-F1C9-4477-BBAF-6E51FF2A102A}.Release|Any CPU.ActiveCfg = Release|Any CPU
		{8F14A2A5-F1C9-4477-BBAF-6E51FF2A102A}.Release|Any CPU.Build.0 = Release|Any CPU
		{8F14A2A5-F1C9-4477-BBAF-6E51FF2A102A}.Release|x64.ActiveCfg = Release|Any CPU
		{8F14A2A5-F1C9-4477-BBAF-6E51FF2A102A}.Release|x64.Build.0 = Release|Any CPU
		{8F14A2A5-F1C9-4477-BBAF-6E51FF2A102A}.Release|x86.ActiveCfg = Release|Any CPU
		{8F14A2A5-F1C9-4477-BBAF-6E51FF2A102A}.Release|x86.Build.0 = Release|Any CPU
		{1A0A1D81-928C-4737-8C21-0BC27CF5952D}.Debug|Any CPU.ActiveCfg = Debug|Any CPU
		{1A0A1D81-928C-4737-8C21-0BC27CF5952D}.Debug|Any CPU.Build.0 = Debug|Any CPU
		{1A0A1D81-928C-4737-8C21-0BC27CF5952D}.Debug|x64.ActiveCfg = Debug|Any CPU
		{1A0A1D81-928C-4737-8C21-0BC27CF5952D}.Debug|x64.Build.0 = Debug|Any CPU
		{1A0A1D81-928C-4737-8C21-0BC27CF5952D}.Debug|x86.ActiveCfg = Debug|Any CPU
		{1A0A1D81-928C-4737-8C21-0BC27CF5952D}.Debug|x86.Build.0 = Debug|Any CPU
		{1A0A1D81-928C-4737-8C21-0BC27CF5952D}.Release|Any CPU.ActiveCfg = Release|Any CPU
		{1A0A1D81-928C-4737-8C21-0BC27CF5952D}.Release|Any CPU.Build.0 = Release|Any CPU
		{1A0A1D81-928C-4737-8C21-0BC27CF5952D}.Release|x64.ActiveCfg = Release|Any CPU
		{1A0A1D81-928C-4737-8C21-0BC27CF5952D}.Release|x64.Build.0 = Release|Any CPU
		{1A0A1D81-928C-4737-8C21-0BC27CF5952D}.Release|x86.ActiveCfg = Release|Any CPU
		{1A0A1D81-928C-4737-8C21-0BC27CF5952D}.Release|x86.Build.0 = Release|Any CPU
		{E8D6F103-FCBF-4E4B-AA46-74B2929B09D5}.Debug|Any CPU.ActiveCfg = Debug|Any CPU
		{E8D6F103-FCBF-4E4B-AA46-74B2929B09D5}.Debug|Any CPU.Build.0 = Debug|Any CPU
		{E8D6F103-FCBF-4E4B-AA46-74B2929B09D5}.Debug|x64.ActiveCfg = Debug|Any CPU
		{E8D6F103-FCBF-4E4B-AA46-74B2929B09D5}.Debug|x64.Build.0 = Debug|Any CPU
		{E8D6F103-FCBF-4E4B-AA46-74B2929B09D5}.Debug|x86.ActiveCfg = Debug|Any CPU
		{E8D6F103-FCBF-4E4B-AA46-74B2929B09D5}.Debug|x86.Build.0 = Debug|Any CPU
		{E8D6F103-FCBF-4E4B-AA46-74B2929B09D5}.Release|Any CPU.ActiveCfg = Release|Any CPU
		{E8D6F103-FCBF-4E4B-AA46-74B2929B09D5}.Release|Any CPU.Build.0 = Release|Any CPU
		{E8D6F103-FCBF-4E4B-AA46-74B2929B09D5}.Release|x64.ActiveCfg = Release|Any CPU
		{E8D6F103-FCBF-4E4B-AA46-74B2929B09D5}.Release|x64.Build.0 = Release|Any CPU
		{E8D6F103-FCBF-4E4B-AA46-74B2929B09D5}.Release|x86.ActiveCfg = Release|Any CPU
		{E8D6F103-FCBF-4E4B-AA46-74B2929B09D5}.Release|x86.Build.0 = Release|Any CPU
		{E893752C-FBEF-4326-8ADD-1827849D45B1}.Debug|Any CPU.ActiveCfg = Debug|Any CPU
		{E893752C-FBEF-4326-8ADD-1827849D45B1}.Debug|Any CPU.Build.0 = Debug|Any CPU
		{E893752C-FBEF-4326-8ADD-1827849D45B1}.Debug|x64.ActiveCfg = Debug|Any CPU
		{E893752C-FBEF-4326-8ADD-1827849D45B1}.Debug|x64.Build.0 = Debug|Any CPU
		{E893752C-FBEF-4326-8ADD-1827849D45B1}.Debug|x86.ActiveCfg = Debug|Any CPU
		{E893752C-FBEF-4326-8ADD-1827849D45B1}.Debug|x86.Build.0 = Debug|Any CPU
		{E893752C-FBEF-4326-8ADD-1827849D45B1}.Release|Any CPU.ActiveCfg = Release|Any CPU
		{E893752C-FBEF-4326-8ADD-1827849D45B1}.Release|Any CPU.Build.0 = Release|Any CPU
		{E893752C-FBEF-4326-8ADD-1827849D45B1}.Release|x64.ActiveCfg = Release|Any CPU
		{E893752C-FBEF-4326-8ADD-1827849D45B1}.Release|x64.Build.0 = Release|Any CPU
		{E893752C-FBEF-4326-8ADD-1827849D45B1}.Release|x86.ActiveCfg = Release|Any CPU
		{E893752C-FBEF-4326-8ADD-1827849D45B1}.Release|x86.Build.0 = Release|Any CPU
	EndGlobalSection
	GlobalSection(SolutionProperties) = preSolution
		HideSolutionNode = FALSE
	EndGlobalSection
	GlobalSection(NestedProjects) = preSolution
		{08D1CC82-2BFF-4852-A906-AB9500CACAC5} = {AB934DD9-0575-48CB-9CA0-2F616179C4AD}
		{6D948A4B-CF5B-4F99-BB44-9997D3C40BA1} = {AB934DD9-0575-48CB-9CA0-2F616179C4AD}
		{38A98EB1-4894-4B50-B50E-DE4CD3B065FC} = {AB934DD9-0575-48CB-9CA0-2F616179C4AD}
		{B349EE4D-3ADA-4B5A-BD96-F0144719CC3B} = {AB934DD9-0575-48CB-9CA0-2F616179C4AD}
		{8F14A2A5-F1C9-4477-BBAF-6E51FF2A102A} = {AB934DD9-0575-48CB-9CA0-2F616179C4AD}
		{1A0A1D81-928C-4737-8C21-0BC27CF5952D} = {AB934DD9-0575-48CB-9CA0-2F616179C4AD}
		{E8D6F103-FCBF-4E4B-AA46-74B2929B09D5} = {AB934DD9-0575-48CB-9CA0-2F616179C4AD}
		{E893752C-FBEF-4326-8ADD-1827849D45B1} = {AB934DD9-0575-48CB-9CA0-2F616179C4AD}
	EndGlobalSection
	GlobalSection(ExtensibilityGlobals) = postSolution
		SolutionGuid = {E484A767-EB25-4862-9955-84FD387F11A0}
	EndGlobalSection
EndGlobal
